// !$*UTF8*$!
{
	archiveVersion = 1;
	classes = {
	};
	objectVersion = 46;
	objects = {

/* Begin PBXBuildFile section */
		FA1AE669155EC75F00B06579 /* receive.mm in Sources */ = {isa = PBXBuildFile; fileRef = FA1AE666155EC75F00B06579 /* receive.mm */; };
		FA1AE66A155EC75F00B06579 /* send.mm in Sources */ = {isa = PBXBuildFile; fileRef = FA1AE667155EC75F00B06579 /* send.mm */; };
		FA1AE66B155EC75F00B06579 /* ThingInterface.h in Headers */ = {isa = PBXBuildFile; fileRef = FA1AE668155EC75F00B06579 /* ThingInterface.h */; };
		FA1AE66C155EC76A00B06579 /* send.mm in Sources */ = {isa = PBXBuildFile; fileRef = FA1AE667155EC75F00B06579 /* send.mm */; };
		FA1AE66D155EC76D00B06579 /* receive.mm in Sources */ = {isa = PBXBuildFile; fileRef = FA1AE666155EC75F00B06579 /* receive.mm */; };
		FA1AE670155EC94000B06579 /* UDPEcho.h in Headers */ = {isa = PBXBuildFile; fileRef = FA1AE66E155EC94000B06579 /* UDPEcho.h */; };
		FA1AE671155EC94100B06579 /* UDPEcho.m in Sources */ = {isa = PBXBuildFile; fileRef = FA1AE66F155EC94000B06579 /* UDPEcho.m */; };
		FA1AE67B155ECA4A00B06579 /* CoreServices.framework in Frameworks */ = {isa = PBXBuildFile; fileRef = FA1AE677155ECA0100B06579 /* CoreServices.framework */; };
		FA1AE67D1560355F00B06579 /* Thing.mm in Sources */ = {isa = PBXBuildFile; fileRef = FA1AE67C1560355F00B06579 /* Thing.mm */; };
		FA1AE6871560384F00B06579 /* GKOSCUDPServer.mm in Sources */ = {isa = PBXBuildFile; fileRef = FA1AE6861560384F00B06579 /* GKOSCUDPServer.mm */; };
		FA1AE688156039D200B06579 /* CoreServices.framework in Frameworks */ = {isa = PBXBuildFile; fileRef = FA1AE677155ECA0100B06579 /* CoreServices.framework */; };
		FA6C8A5C1551F27B00562FB8 /* GKOSCServer.mm in Sources */ = {isa = PBXBuildFile; fileRef = FA76BCCE1551C8E900331DC2 /* GKOSCServer.mm */; };
		FA6C8A5D1551F27B00562FB8 /* GKOSCClient.mm in Sources */ = {isa = PBXBuildFile; fileRef = FA76BCB715516BF100331DC2 /* GKOSCClient.mm */; };
		FA6C8A5E1551F27B00562FB8 /* GKOSCUDPTransporter.mm in Sources */ = {isa = PBXBuildFile; fileRef = FA76BCC81551C4EB00331DC2 /* GKOSCUDPTransporter.mm */; };
		FA6C8A601551F2AF00562FB8 /* libGKOSC.a in Frameworks */ = {isa = PBXBuildFile; fileRef = FA6C8A581551F26600562FB8 /* libGKOSC.a */; };
		FA6C8A611551F2B400562FB8 /* libGKOSC.a in Frameworks */ = {isa = PBXBuildFile; fileRef = FA6C8A581551F26600562FB8 /* libGKOSC.a */; };
		FA6C8A631552097100562FB8 /* GKOSC.h in Headers */ = {isa = PBXBuildFile; fileRef = FA76BC89155167A300331DC2 /* GKOSC.h */; settings = {ATTRIBUTES = (Public, ); }; };
		FA76BCAB155169AE00331DC2 /* Foundation.framework in Frameworks */ = {isa = PBXBuildFile; fileRef = FA76BC94155168DA00331DC2 /* Foundation.framework */; };
		FA76BCD81551DE2900331DC2 /* Foundation.framework in Frameworks */ = {isa = PBXBuildFile; fileRef = FA76BC94155168DA00331DC2 /* Foundation.framework */; };
/* End PBXBuildFile section */

/* Begin PBXCopyFilesBuildPhase section */
		FA76BCA7155169AE00331DC2 /* CopyFiles */ = {
			isa = PBXCopyFilesBuildPhase;
			buildActionMask = 8;
			dstPath = /usr/share/man/man1/;
			dstSubfolderSpec = 0;
			files = (
			);
			runOnlyForDeploymentPostprocessing = 1;
		};
		FA76BCD41551DE2900331DC2 /* CopyFiles */ = {
			isa = PBXCopyFilesBuildPhase;
			buildActionMask = 2147483647;
			dstPath = /usr/share/man/man1/;
			dstSubfolderSpec = 0;
			files = (
			);
			runOnlyForDeploymentPostprocessing = 1;
		};
/* End PBXCopyFilesBuildPhase section */

/* Begin PBXFileReference section */
		FA1AE666155EC75F00B06579 /* receive.mm */ = {isa = PBXFileReference; fileEncoding = 4; lastKnownFileType = sourcecode.cpp.objcpp; name = receive.mm; path = demo/receive.mm; sourceTree = "<group>"; };
		FA1AE667155EC75F00B06579 /* send.mm */ = {isa = PBXFileReference; fileEncoding = 4; lastKnownFileType = sourcecode.cpp.objcpp; name = send.mm; path = demo/send.mm; sourceTree = "<group>"; };
		FA1AE668155EC75F00B06579 /* ThingInterface.h */ = {isa = PBXFileReference; fileEncoding = 4; lastKnownFileType = sourcecode.c.h; name = ThingInterface.h; path = demo/ThingInterface.h; sourceTree = "<group>"; };
		FA1AE66E155EC94000B06579 /* UDPEcho.h */ = {isa = PBXFileReference; fileEncoding = 4; lastKnownFileType = sourcecode.c.h; path = UDPEcho.h; sourceTree = "<group>"; };
		FA1AE66F155EC94000B06579 /* UDPEcho.m */ = {isa = PBXFileReference; fileEncoding = 4; lastKnownFileType = sourcecode.c.objc; path = UDPEcho.m; sourceTree = "<group>"; };
		FA1AE677155ECA0100B06579 /* CoreServices.framework */ = {isa = PBXFileReference; lastKnownFileType = wrapper.framework; name = CoreServices.framework; path = SDKs/MacOSX10.7.sdk/System/Library/Frameworks/CoreServices.framework; sourceTree = DEVELOPER_DIR; };
		FA1AE679155ECA1A00B06579 /* Foundation.framework */ = {isa = PBXFileReference; lastKnownFileType = wrapper.framework; name = Foundation.framework; path = SDKs/MacOSX10.7.sdk/System/Library/Frameworks/Foundation.framework; sourceTree = DEVELOPER_DIR; };
		FA1AE67C1560355F00B06579 /* Thing.mm */ = {isa = PBXFileReference; fileEncoding = 4; lastKnownFileType = sourcecode.cpp.objcpp; name = Thing.mm; path = demo/Thing.mm; sourceTree = "<group>"; };
		FA1AE685156035DF00B06579 /* Thing.h */ = {isa = PBXFileReference; fileEncoding = 4; lastKnownFileType = sourcecode.c.h; name = Thing.h; path = demo/Thing.h; sourceTree = "<group>"; };
		FA1AE6861560384F00B06579 /* GKOSCUDPServer.mm */ = {isa = PBXFileReference; fileEncoding = 4; lastKnownFileType = sourcecode.cpp.objcpp; path = GKOSCUDPServer.mm; sourceTree = "<group>"; };
		FA1AE68E15603CC900B06579 /* README.md */ = {isa = PBXFileReference; lastKnownFileType = text; path = README.md; sourceTree = "<group>"; };
		FA1AE6971560BB0200B06579 /* LICENSE */ = {isa = PBXFileReference; lastKnownFileType = text; path = LICENSE; sourceTree = "<group>"; };
		FA6C8A581551F26600562FB8 /* libGKOSC.a */ = {isa = PBXFileReference; explicitFileType = archive.ar; includeInIndex = 0; path = libGKOSC.a; sourceTree = BUILT_PRODUCTS_DIR; };
		FA6C8A8B155210A400562FB8 /* GKOSCSessionTransporter.mm */ = {isa = PBXFileReference; fileEncoding = 4; lastKnownFileType = sourcecode.cpp.objcpp; path = GKOSCSessionTransporter.mm; sourceTree = "<group>"; };
		FA6C8A8E155216FB00562FB8 /* GKOSCSessionHandlerServer.mm */ = {isa = PBXFileReference; fileEncoding = 4; lastKnownFileType = sourcecode.cpp.objcpp; path = GKOSCSessionHandlerServer.mm; sourceTree = "<group>"; };
		FA76BC89155167A300331DC2 /* GKOSC.h */ = {isa = PBXFileReference; fileEncoding = 4; lastKnownFileType = sourcecode.c.h; path = GKOSC.h; sourceTree = "<group>"; };
		FA76BC94155168DA00331DC2 /* Foundation.framework */ = {isa = PBXFileReference; lastKnownFileType = wrapper.framework; name = Foundation.framework; path = System/Library/Frameworks/Foundation.framework; sourceTree = SDKROOT; };
		FA76BCA9155169AE00331DC2 /* gkoscsend */ = {isa = PBXFileReference; explicitFileType = "compiled.mach-o.executable"; includeInIndex = 0; path = gkoscsend; sourceTree = BUILT_PRODUCTS_DIR; };
		FA76BCB715516BF100331DC2 /* GKOSCClient.mm */ = {isa = PBXFileReference; fileEncoding = 4; lastKnownFileType = sourcecode.cpp.objcpp; path = GKOSCClient.mm; sourceTree = "<group>"; };
		FA76BCC81551C4EB00331DC2 /* GKOSCUDPTransporter.mm */ = {isa = PBXFileReference; fileEncoding = 4; lastKnownFileType = sourcecode.cpp.objcpp; path = GKOSCUDPTransporter.mm; sourceTree = "<group>"; };
		FA76BCCE1551C8E900331DC2 /* GKOSCServer.mm */ = {isa = PBXFileReference; fileEncoding = 4; lastKnownFileType = sourcecode.cpp.objcpp; path = GKOSCServer.mm; sourceTree = "<group>"; };
		FA76BCD01551CDBA00331DC2 /* GKOSC_details.h */ = {isa = PBXFileReference; fileEncoding = 4; lastKnownFileType = sourcecode.c.h; path = GKOSC_details.h; sourceTree = "<group>"; };
		FA76BCD61551DE2900331DC2 /* gkoscrecv */ = {isa = PBXFileReference; explicitFileType = "compiled.mach-o.executable"; includeInIndex = 0; path = gkoscrecv; sourceTree = BUILT_PRODUCTS_DIR; };
/* End PBXFileReference section */

/* Begin PBXFrameworksBuildPhase section */
		FA6C8A551551F26600562FB8 /* Frameworks */ = {
			isa = PBXFrameworksBuildPhase;
			buildActionMask = 2147483647;
			files = (
			);
			runOnlyForDeploymentPostprocessing = 0;
		};
		FA76BCA6155169AE00331DC2 /* Frameworks */ = {
			isa = PBXFrameworksBuildPhase;
			buildActionMask = 2147483647;
			files = (
				FA6C8A601551F2AF00562FB8 /* libGKOSC.a in Frameworks */,
				FA76BCAB155169AE00331DC2 /* Foundation.framework in Frameworks */,
				FA1AE67B155ECA4A00B06579 /* CoreServices.framework in Frameworks */,
			);
			runOnlyForDeploymentPostprocessing = 0;
		};
		FA76BCD31551DE2900331DC2 /* Frameworks */ = {
			isa = PBXFrameworksBuildPhase;
			buildActionMask = 2147483647;
			files = (
				FA6C8A611551F2B400562FB8 /* libGKOSC.a in Frameworks */,
				FA76BCD81551DE2900331DC2 /* Foundation.framework in Frameworks */,
				FA1AE688156039D200B06579 /* CoreServices.framework in Frameworks */,
			);
			runOnlyForDeploymentPostprocessing = 0;
		};
/* End PBXFrameworksBuildPhase section */

/* Begin PBXGroup section */
		FA1AE665155EC74600B06579 /* demo */ = {
			isa = PBXGroup;
			children = (
				FA1AE666155EC75F00B06579 /* receive.mm */,
				FA1AE667155EC75F00B06579 /* send.mm */,
				FA1AE668155EC75F00B06579 /* ThingInterface.h */,
				FA1AE67C1560355F00B06579 /* Thing.mm */,
				FA1AE685156035DF00B06579 /* Thing.h */,
			);
			name = demo;
			sourceTree = "<group>";
		};
		FA76BC381550E88600331DC2 = {
			isa = PBXGroup;
			children = (
				FA1AE68E15603CC900B06579 /* README.md */,
				FA1AE6971560BB0200B06579 /* LICENSE */,
				FA1AE679155ECA1A00B06579 /* Foundation.framework */,
				FA76BC89155167A300331DC2 /* GKOSC.h */,
				FA76BCB715516BF100331DC2 /* GKOSCClient.mm */,
				FA76BCCE1551C8E900331DC2 /* GKOSCServer.mm */,
				FA76BCC81551C4EB00331DC2 /* GKOSCUDPTransporter.mm */,
				FA1AE6861560384F00B06579 /* GKOSCUDPServer.mm */,
				FA6C8A8B155210A400562FB8 /* GKOSCSessionTransporter.mm */,
				FA6C8A8E155216FB00562FB8 /* GKOSCSessionHandlerServer.mm */,
				FA76BCD01551CDBA00331DC2 /* GKOSC_details.h */,
				FA1AE66E155EC94000B06579 /* UDPEcho.h */,
				FA1AE66F155EC94000B06579 /* UDPEcho.m */,
				FA1AE665155EC74600B06579 /* demo */,
				FA76BC93155168DA00331DC2 /* Frameworks */,
				FA76BC461550E88F00331DC2 /* Products */,
			);
			sourceTree = "<group>";
		};
		FA76BC461550E88F00331DC2 /* Products */ = {
			isa = PBXGroup;
			children = (
				FA76BCA9155169AE00331DC2 /* gkoscsend */,
				FA76BCD61551DE2900331DC2 /* gkoscrecv */,
				FA6C8A581551F26600562FB8 /* libGKOSC.a */,
			);
			name = Products;
			sourceTree = "<group>";
		};
		FA76BC93155168DA00331DC2 /* Frameworks */ = {
			isa = PBXGroup;
			children = (
				FA76BC94155168DA00331DC2 /* Foundation.framework */,
				FA1AE677155ECA0100B06579 /* CoreServices.framework */,
			);
			name = Frameworks;
			sourceTree = "<group>";
		};
/* End PBXGroup section */

/* Begin PBXHeadersBuildPhase section */
		FA6C8A561551F26600562FB8 /* Headers */ = {
			isa = PBXHeadersBuildPhase;
			buildActionMask = 2147483647;
			files = (
				FA6C8A631552097100562FB8 /* GKOSC.h in Headers */,
				FA1AE66B155EC75F00B06579 /* ThingInterface.h in Headers */,
				FA1AE670155EC94000B06579 /* UDPEcho.h in Headers */,
			);
			runOnlyForDeploymentPostprocessing = 0;
		};
/* End PBXHeadersBuildPhase section */

/* Begin PBXNativeTarget section */
		FA6C8A571551F26600562FB8 /* GKOSC */ = {
			isa = PBXNativeTarget;
			buildConfigurationList = FA6C8A591551F26600562FB8 /* Build configuration list for PBXNativeTarget "GKOSC" */;
			buildPhases = (
				FA6C8A541551F26600562FB8 /* Sources */,
				FA6C8A551551F26600562FB8 /* Frameworks */,
				FA6C8A561551F26600562FB8 /* Headers */,
			);
			buildRules = (
			);
			dependencies = (
			);
			name = GKOSC;
			productName = GKOSC;
			productReference = FA6C8A581551F26600562FB8 /* libGKOSC.a */;
			productType = "com.apple.product-type.library.static";
		};
		FA76BCA8155169AE00331DC2 /* gkoscsend */ = {
			isa = PBXNativeTarget;
			buildConfigurationList = FA76BCB3155169AE00331DC2 /* Build configuration list for PBXNativeTarget "gkoscsend" */;
			buildPhases = (
				FA76BCA5155169AE00331DC2 /* Sources */,
				FA76BCA6155169AE00331DC2 /* Frameworks */,
				FA76BCA7155169AE00331DC2 /* CopyFiles */,
			);
			buildRules = (
			);
			dependencies = (
			);
			name = gkoscsend;
			productName = gkoscsend;
			productReference = FA76BCA9155169AE00331DC2 /* gkoscsend */;
			productType = "com.apple.product-type.tool";
		};
		FA76BCD51551DE2900331DC2 /* gkoscrecv */ = {
			isa = PBXNativeTarget;
			buildConfigurationList = FA76BCE01551DE2900331DC2 /* Build configuration list for PBXNativeTarget "gkoscrecv" */;
			buildPhases = (
				FA76BCD21551DE2900331DC2 /* Sources */,
				FA76BCD31551DE2900331DC2 /* Frameworks */,
				FA76BCD41551DE2900331DC2 /* CopyFiles */,
			);
			buildRules = (
			);
			dependencies = (
			);
			name = gkoscrecv;
			productName = gkoscrecv;
			productReference = FA76BCD61551DE2900331DC2 /* gkoscrecv */;
			productType = "com.apple.product-type.tool";
		};
/* End PBXNativeTarget section */

/* Begin PBXProject section */
		FA76BC3A1550E88600331DC2 /* Project object */ = {
			isa = PBXProject;
			attributes = {
				LastUpgradeCheck = 0420;
				ORGANIZATIONNAME = "National Center for Supercomputing Applications";
			};
			buildConfigurationList = FA76BC3D1550E88600331DC2 /* Build configuration list for PBXProject "GKOSC" */;
			compatibilityVersion = "Xcode 3.2";
			developmentRegion = English;
			hasScannedForEncodings = 0;
			knownRegions = (
				en,
			);
			mainGroup = FA76BC381550E88600331DC2;
			productRefGroup = FA76BC461550E88F00331DC2 /* Products */;
			projectDirPath = "";
			projectRoot = "";
			targets = (
				FA6C8A571551F26600562FB8 /* GKOSC */,
				FA76BCA8155169AE00331DC2 /* gkoscsend */,
				FA76BCD51551DE2900331DC2 /* gkoscrecv */,
			);
		};
/* End PBXProject section */

/* Begin PBXSourcesBuildPhase section */
		FA6C8A541551F26600562FB8 /* Sources */ = {
			isa = PBXSourcesBuildPhase;
			buildActionMask = 2147483647;
			files = (
				FA6C8A5C1551F27B00562FB8 /* GKOSCServer.mm in Sources */,
				FA6C8A5D1551F27B00562FB8 /* GKOSCClient.mm in Sources */,
				FA6C8A5E1551F27B00562FB8 /* GKOSCUDPTransporter.mm in Sources */,
				FA1AE669155EC75F00B06579 /* receive.mm in Sources */,
				FA1AE66A155EC75F00B06579 /* send.mm in Sources */,
				FA1AE671155EC94100B06579 /* UDPEcho.m in Sources */,
				FA1AE6871560384F00B06579 /* GKOSCUDPServer.mm in Sources */,
			);
			runOnlyForDeploymentPostprocessing = 0;
		};
		FA76BCA5155169AE00331DC2 /* Sources */ = {
			isa = PBXSourcesBuildPhase;
			buildActionMask = 2147483647;
			files = (
				FA1AE66C155EC76A00B06579 /* send.mm in Sources */,
			);
			runOnlyForDeploymentPostprocessing = 0;
		};
		FA76BCD21551DE2900331DC2 /* Sources */ = {
			isa = PBXSourcesBuildPhase;
			buildActionMask = 2147483647;
			files = (
				FA1AE66D155EC76D00B06579 /* receive.mm in Sources */,
				FA1AE67D1560355F00B06579 /* Thing.mm in Sources */,
			);
			runOnlyForDeploymentPostprocessing = 0;
		};
/* End PBXSourcesBuildPhase section */

/* Begin XCBuildConfiguration section */
		FA6C8A5A1551F26600562FB8 /* Debug */ = {
			isa = XCBuildConfiguration;
			buildSettings = {
				ALWAYS_SEARCH_USER_PATHS = NO;
				ARCHS = "$(ARCHS_STANDARD_64_BIT)";
				CLANG_CXX_LANGUAGE_STANDARD = "c++0x";
				CLANG_CXX_LIBRARY = "libc++";
				COPY_PHASE_STRIP = NO;
				EXECUTABLE_PREFIX = lib;
				GCC_C_LANGUAGE_STANDARD = gnu99;
				GCC_DYNAMIC_NO_PIC = NO;
				GCC_ENABLE_OBJC_EXCEPTIONS = YES;
				GCC_OPTIMIZATION_LEVEL = 0;
				GCC_PREPROCESSOR_DEFINITIONS = (
					"DEBUG=1",
					"$(inherited)",
				);
				GCC_SYMBOLS_PRIVATE_EXTERN = NO;
				GCC_VERSION = com.apple.compilers.llvm.clang.1_0;
				GCC_WARN_64_TO_32_BIT_CONVERSION = YES;
				GCC_WARN_ABOUT_MISSING_PROTOTYPES = YES;
				GCC_WARN_ABOUT_RETURN_TYPE = YES;
				GCC_WARN_UNUSED_VARIABLE = YES;
				HEADER_SEARCH_PATHS = "$(PROJECT_DIR)/extsrc/oscpack";
				MACOSX_DEPLOYMENT_TARGET = 10.7;
				ONLY_ACTIVE_ARCH = YES;
				PRODUCT_NAME = "$(TARGET_NAME)";
				SDKROOT = macosx;
			};
			name = Debug;
		};
		FA6C8A5B1551F26600562FB8 /* Release */ = {
			isa = XCBuildConfiguration;
			buildSettings = {
				ALWAYS_SEARCH_USER_PATHS = NO;
				ARCHS = "$(ARCHS_STANDARD_64_BIT)";
				CLANG_CXX_LANGUAGE_STANDARD = "c++0x";
				CLANG_CXX_LIBRARY = "libc++";
				COPY_PHASE_STRIP = YES;
				DEBUG_INFORMATION_FORMAT = "dwarf-with-dsym";
				EXECUTABLE_PREFIX = lib;
				GCC_C_LANGUAGE_STANDARD = gnu99;
				GCC_ENABLE_OBJC_EXCEPTIONS = YES;
				GCC_VERSION = com.apple.compilers.llvm.clang.1_0;
				GCC_WARN_64_TO_32_BIT_CONVERSION = YES;
				GCC_WARN_ABOUT_MISSING_PROTOTYPES = YES;
				GCC_WARN_ABOUT_RETURN_TYPE = YES;
				GCC_WARN_UNUSED_VARIABLE = YES;
				HEADER_SEARCH_PATHS = "$(PROJECT_DIR)/extsrc/oscpack";
				MACOSX_DEPLOYMENT_TARGET = 10.7;
				PRODUCT_NAME = "$(TARGET_NAME)";
				SDKROOT = macosx;
			};
			name = Release;
		};
		FA76BC3F1550E88600331DC2 /* Debug */ = {
			isa = XCBuildConfiguration;
			buildSettings = {
				ATV2DEV_LOCATION = /usr/local/atv2dev;
			};
			name = Debug;
		};
		FA76BC401550E88600331DC2 /* Release */ = {
			isa = XCBuildConfiguration;
			buildSettings = {
				ATV2DEV_LOCATION = /usr/local/atv2dev;
			};
			name = Release;
		};
		FA76BCB4155169AE00331DC2 /* Debug */ = {
			isa = XCBuildConfiguration;
			buildSettings = {
				ALWAYS_SEARCH_USER_PATHS = NO;
				ARCHS = "$(ARCHS_STANDARD_64_BIT)";
				CLANG_CXX_LIBRARY = "libc++";
				COPY_PHASE_STRIP = NO;
				GCC_C_LANGUAGE_STANDARD = gnu99;
				GCC_DYNAMIC_NO_PIC = NO;
				GCC_ENABLE_OBJC_EXCEPTIONS = YES;
				GCC_OPTIMIZATION_LEVEL = 0;
				GCC_PRECOMPILE_PREFIX_HEADER = YES;
				GCC_PREFIX_HEADER = "";
				GCC_PREPROCESSOR_DEFINITIONS = (
					"DEBUG=1",
					"$(inherited)",
				);
				GCC_SYMBOLS_PRIVATE_EXTERN = NO;
				GCC_VERSION = com.apple.compilers.llvm.clang.1_0;
				GCC_WARN_64_TO_32_BIT_CONVERSION = YES;
				GCC_WARN_ABOUT_MISSING_PROTOTYPES = YES;
				GCC_WARN_ABOUT_RETURN_TYPE = YES;
				GCC_WARN_UNUSED_VARIABLE = YES;
				HEADER_SEARCH_PATHS = "$(PROJECT_DIR)";
				MACOSX_DEPLOYMENT_TARGET = 10.7;
				ONLY_ACTIVE_ARCH = YES;
				PRODUCT_NAME = "$(TARGET_NAME)";
				SDKROOT = macosx;
				USER_HEADER_SEARCH_PATHS = "$(PROJECT_DIR)";
			};
			name = Debug;
		};
		FA76BCB5155169AE00331DC2 /* Release */ = {
			isa = XCBuildConfiguration;
			buildSettings = {
				ALWAYS_SEARCH_USER_PATHS = NO;
				ARCHS = "$(ARCHS_STANDARD_64_BIT)";
				CLANG_CXX_LIBRARY = "libc++";
				COPY_PHASE_STRIP = YES;
				DEBUG_INFORMATION_FORMAT = "dwarf-with-dsym";
				GCC_C_LANGUAGE_STANDARD = gnu99;
				GCC_ENABLE_OBJC_EXCEPTIONS = YES;
				GCC_PRECOMPILE_PREFIX_HEADER = YES;
				GCC_PREFIX_HEADER = "";
				GCC_VERSION = com.apple.compilers.llvm.clang.1_0;
				GCC_WARN_64_TO_32_BIT_CONVERSION = YES;
				GCC_WARN_ABOUT_MISSING_PROTOTYPES = YES;
				GCC_WARN_ABOUT_RETURN_TYPE = YES;
				GCC_WARN_UNUSED_VARIABLE = YES;
				HEADER_SEARCH_PATHS = "$(PROJECT_DIR)";
				MACOSX_DEPLOYMENT_TARGET = 10.7;
				PRODUCT_NAME = "$(TARGET_NAME)";
				SDKROOT = macosx;
				USER_HEADER_SEARCH_PATHS = "$(PROJECT_DIR)";
			};
			name = Release;
		};
		FA76BCE11551DE2900331DC2 /* Debug */ = {
			isa = XCBuildConfiguration;
			buildSettings = {
				ALWAYS_SEARCH_USER_PATHS = NO;
				ARCHS = "$(ARCHS_STANDARD_64_BIT)";
				CLANG_CXX_LIBRARY = "libc++";
				COPY_PHASE_STRIP = NO;
				GCC_C_LANGUAGE_STANDARD = gnu99;
				GCC_DYNAMIC_NO_PIC = NO;
				GCC_ENABLE_OBJC_EXCEPTIONS = YES;
				GCC_OPTIMIZATION_LEVEL = 0;
				GCC_PRECOMPILE_PREFIX_HEADER = YES;
				GCC_PREFIX_HEADER = "";
				GCC_PREPROCESSOR_DEFINITIONS = (
					"DEBUG=1",
					"$(inherited)",
				);
				GCC_SYMBOLS_PRIVATE_EXTERN = NO;
				GCC_VERSION = com.apple.compilers.llvm.clang.1_0;
				GCC_WARN_64_TO_32_BIT_CONVERSION = YES;
				GCC_WARN_ABOUT_MISSING_PROTOTYPES = YES;
				GCC_WARN_ABOUT_RETURN_TYPE = YES;
				GCC_WARN_UNUSED_VARIABLE = YES;
				HEADER_SEARCH_PATHS = (
					"$(PROJECT_DIR)",
					"$(PROJECT_DIR)/extsrc/oscpack",
				);
				MACOSX_DEPLOYMENT_TARGET = 10.7;
				ONLY_ACTIVE_ARCH = YES;
				PRODUCT_NAME = "$(TARGET_NAME)";
				SDKROOT = macosx;
			};
			name = Debug;
		};
		FA76BCE21551DE2900331DC2 /* Release */ = {
			isa = XCBuildConfiguration;
			buildSettings = {
				ALWAYS_SEARCH_USER_PATHS = NO;
				ARCHS = "$(ARCHS_STANDARD_64_BIT)";
				CLANG_CXX_LIBRARY = "libc++";
				COPY_PHASE_STRIP = YES;
				DEBUG_INFORMATION_FORMAT = "dwarf-with-dsym";
				GCC_C_LANGUAGE_STANDARD = gnu99;
				GCC_ENABLE_OBJC_EXCEPTIONS = YES;
				GCC_PRECOMPILE_PREFIX_HEADER = YES;
				GCC_PREFIX_HEADER = "";
				GCC_VERSION = com.apple.compilers.llvm.clang.1_0;
				GCC_WARN_64_TO_32_BIT_CONVERSION = YES;
				GCC_WARN_ABOUT_MISSING_PROTOTYPES = YES;
				GCC_WARN_ABOUT_RETURN_TYPE = YES;
				GCC_WARN_UNUSED_VARIABLE = YES;
				HEADER_SEARCH_PATHS = (
					"$(PROJECT_DIR)",
					"$(PROJECT_DIR)/extsrc/oscpack",
				);
				MACOSX_DEPLOYMENT_TARGET = 10.7;
				PRODUCT_NAME = "$(TARGET_NAME)";
				SDKROOT = macosx;
			};
			name = Release;
		};
/* End XCBuildConfiguration section */

/* Begin XCConfigurationList section */
		FA6C8A591551F26600562FB8 /* Build configuration list for PBXNativeTarget "GKOSC" */ = {
			isa = XCConfigurationList;
			buildConfigurations = (
				FA6C8A5A1551F26600562FB8 /* Debug */,
				FA6C8A5B1551F26600562FB8 /* Release */,
			);
			defaultConfigurationIsVisible = 0;
			defaultConfigurationName = Release;
		};
		FA76BC3D1550E88600331DC2 /* Build configuration list for PBXProject "GKOSC" */ = {
			isa = XCConfigurationList;
			buildConfigurations = (
				FA76BC3F1550E88600331DC2 /* Debug */,
				FA76BC401550E88600331DC2 /* Release */,
			);
			defaultConfigurationIsVisible = 0;
			defaultConfigurationName = Release;
		};
		FA76BCB3155169AE00331DC2 /* Build configuration list for PBXNativeTarget "gkoscsend" */ = {
			isa = XCConfigurationList;
			buildConfigurations = (
				FA76BCB4155169AE00331DC2 /* Debug */,
				FA76BCB5155169AE00331DC2 /* Release */,
			);
			defaultConfigurationIsVisible = 0;
			defaultConfigurationName = Release;
		};
		FA76BCE01551DE2900331DC2 /* Build configuration list for PBXNativeTarget "gkoscrecv" */ = {
			isa = XCConfigurationList;
			buildConfigurations = (
				FA76BCE11551DE2900331DC2 /* Debug */,
				FA76BCE21551DE2900331DC2 /* Release */,
			);
			defaultConfigurationIsVisible = 0;
			defaultConfigurationName = Release;
		};
/* End XCConfigurationList section */
	};
	rootObject = FA76BC3A1550E88600331DC2 /* Project object */;
}
