// !$*UTF8*$!
{
	archiveVersion = 1;
	classes = {
	};
	objectVersion = 46;
	objects = {

/* Begin PBXGroup section */
		FA76BC381550E88600331DC2 = {
			isa = PBXGroup;
			children = (
			);
			sourceTree = "<group>";
		};
/* End PBXGroup section */

/* Begin PBXProject section */
		FA76BC3A1550E88600331DC2 /* Project object */ = {
			isa = PBXProject;
			attributes = {
				LastUpgradeCheck = 0420;
				ORGANIZATIONNAME = "National Center for Supercomputing Applications";
			};
			buildConfigurationList = FA76BC3D1550E88600331DC2 /* Build configuration list for PBXProject "GKOSC" */;
			compatibilityVersion = "Xcode 3.2";
			developmentRegion = English;
			hasScannedForEncodings = 0;
			knownRegions = (
				en,
			);
			mainGroup = FA76BC381550E88600331DC2;
			projectDirPath = "";
			projectRoot = "";
			targets = (
			);
		};
/* End PBXProject section */

/* Begin XCBuildConfiguration section */
		FA76BC3F1550E88600331DC2 /* Debug */ = {
			isa = XCBuildConfiguration;
			buildSettings = {
			};
			name = Debug;
		};
		FA76BC401550E88600331DC2 /* Release */ = {
			isa = XCBuildConfiguration;
			buildSettings = {
			};
			name = Release;
		};
/* End XCBuildConfiguration section */

/* Begin XCConfigurationList section */
		FA76BC3D1550E88600331DC2 /* Build configuration list for PBXProject "GKOSC" */ = {
			isa = XCConfigurationList;
			buildConfigurations = (
				FA76BC3F1550E88600331DC2 /* Debug */,
				FA76BC401550E88600331DC2 /* Release */,
			);
			defaultConfigurationIsVisible = 0;
			defaultConfigurationName = Release;
		};
/* End XCConfigurationList section */
	};
	rootObject = FA76BC3A1550E88600331DC2 /* Project object */;
}
