// !$*UTF8*$!
{
	archiveVersion = 1;
	classes = {
	};
	objectVersion = 46;
	objects = {

/* Begin PBXBuildFile section */
		FA6C8A5C1551F27B00562FB8 /* GKOSCServer.mm in Sources */ = {isa = PBXBuildFile; fileRef = FA76BCCE1551C8E900331DC2 /* GKOSCServer.mm */; };
		FA6C8A5D1551F27B00562FB8 /* GKOSCClient.mm in Sources */ = {isa = PBXBuildFile; fileRef = FA76BCB715516BF100331DC2 /* GKOSCClient.mm */; };
		FA6C8A5E1551F27B00562FB8 /* GKOSCUDPTransporter.mm in Sources */ = {isa = PBXBuildFile; fileRef = FA76BCC81551C4EB00331DC2 /* GKOSCUDPTransporter.mm */; };
		FA6C8A601551F2AF00562FB8 /* libGKOSC.a in Frameworks */ = {isa = PBXBuildFile; fileRef = FA6C8A581551F26600562FB8 /* libGKOSC.a */; };
		FA6C8A611551F2B400562FB8 /* libGKOSC.a in Frameworks */ = {isa = PBXBuildFile; fileRef = FA6C8A581551F26600562FB8 /* libGKOSC.a */; };
		FA6C8A631552097100562FB8 /* GKOSC.h in Headers */ = {isa = PBXBuildFile; fileRef = FA76BC89155167A300331DC2 /* GKOSC.h */; settings = {ATTRIBUTES = (Public, ); }; };
		FA6C8A6D15520C4500562FB8 /* GKOSCServer.mm in Sources */ = {isa = PBXBuildFile; fileRef = FA76BCCE1551C8E900331DC2 /* GKOSCServer.mm */; };
		FA6C8A6E15520C4500562FB8 /* GKOSCClient.mm in Sources */ = {isa = PBXBuildFile; fileRef = FA76BCB715516BF100331DC2 /* GKOSCClient.mm */; };
		FA6C8A6F15520C4500562FB8 /* GKOSCUDPTransporter.mm in Sources */ = {isa = PBXBuildFile; fileRef = FA76BCC81551C4EB00331DC2 /* GKOSCUDPTransporter.mm */; };
		FA6C8A7315520C4500562FB8 /* GKOSC.h in Headers */ = {isa = PBXBuildFile; fileRef = FA76BC89155167A300331DC2 /* GKOSC.h */; settings = {ATTRIBUTES = (Public, ); }; };
		FA6C8A8D1552139800562FB8 /* GKOSCSessionTransporter.mm in Sources */ = {isa = PBXBuildFile; fileRef = FA6C8A8B155210A400562FB8 /* GKOSCSessionTransporter.mm */; };
		FA6C8A901552174D00562FB8 /* GKOSCSessionHandlerServer.mm in Sources */ = {isa = PBXBuildFile; fileRef = FA6C8A8E155216FB00562FB8 /* GKOSCSessionHandlerServer.mm */; };
		FA71553B1554978300F29662 /* Thing.h in Headers */ = {isa = PBXBuildFile; fileRef = FA71553A1554978300F29662 /* Thing.h */; };
		FA76BCAB155169AE00331DC2 /* Foundation.framework in Frameworks */ = {isa = PBXBuildFile; fileRef = FA76BC94155168DA00331DC2 /* Foundation.framework */; };
		FA76BCAE155169AE00331DC2 /* main.mm in Sources */ = {isa = PBXBuildFile; fileRef = FA76BCAD155169AE00331DC2 /* main.mm */; };
		FA76BCD81551DE2900331DC2 /* Foundation.framework in Frameworks */ = {isa = PBXBuildFile; fileRef = FA76BC94155168DA00331DC2 /* Foundation.framework */; };
		FA76BCDB1551DE2900331DC2 /* main.mm in Sources */ = {isa = PBXBuildFile; fileRef = FA76BCDA1551DE2900331DC2 /* main.mm */; };
		FAA479EE15545DB500F52825 /* IpEndpointName.cpp in Sources */ = {isa = PBXBuildFile; fileRef = FA76BC5F1550E91800331DC2 /* IpEndpointName.cpp */; };
		FAA479EF15545DB500F52825 /* NetworkingUtils.cpp in Sources */ = {isa = PBXBuildFile; fileRef = FA76BC641550E91800331DC2 /* NetworkingUtils.cpp */; };
		FAA479F015545DB500F52825 /* UdpSocket.cpp in Sources */ = {isa = PBXBuildFile; fileRef = FA76BC651550E91800331DC2 /* UdpSocket.cpp */; };
		FAA479F115545DD800F52825 /* IpEndpointName.cpp in Sources */ = {isa = PBXBuildFile; fileRef = FA76BC5F1550E91800331DC2 /* IpEndpointName.cpp */; };
		FAA479F215545DD800F52825 /* NetworkingUtils.cpp in Sources */ = {isa = PBXBuildFile; fileRef = FA76BC641550E91800331DC2 /* NetworkingUtils.cpp */; };
		FAA479F315545DD800F52825 /* UdpSocket.cpp in Sources */ = {isa = PBXBuildFile; fileRef = FA76BC651550E91800331DC2 /* UdpSocket.cpp */; };
/* End PBXBuildFile section */

/* Begin PBXCopyFilesBuildPhase section */
		FA76BCA7155169AE00331DC2 /* CopyFiles */ = {
			isa = PBXCopyFilesBuildPhase;
			buildActionMask = 8;
			dstPath = /usr/share/man/man1/;
			dstSubfolderSpec = 0;
			files = (
			);
			runOnlyForDeploymentPostprocessing = 1;
		};
		FA76BCD41551DE2900331DC2 /* CopyFiles */ = {
			isa = PBXCopyFilesBuildPhase;
			buildActionMask = 2147483647;
			dstPath = /usr/share/man/man1/;
			dstSubfolderSpec = 0;
			files = (
			);
			runOnlyForDeploymentPostprocessing = 1;
		};
/* End PBXCopyFilesBuildPhase section */

/* Begin PBXFileReference section */
		FA6C8A581551F26600562FB8 /* libGKOSC.a */ = {isa = PBXFileReference; explicitFileType = archive.ar; includeInIndex = 0; path = libGKOSC.a; sourceTree = BUILT_PRODUCTS_DIR; };
		FA6C8A7715520C4500562FB8 /* libGKOSC.a */ = {isa = PBXFileReference; explicitFileType = archive.ar; includeInIndex = 0; path = libGKOSC.a; sourceTree = BUILT_PRODUCTS_DIR; };
		FA6C8A8B155210A400562FB8 /* GKOSCSessionTransporter.mm */ = {isa = PBXFileReference; fileEncoding = 4; lastKnownFileType = sourcecode.cpp.objcpp; path = GKOSCSessionTransporter.mm; sourceTree = "<group>"; };
		FA6C8A8E155216FB00562FB8 /* GKOSCSessionHandlerServer.mm */ = {isa = PBXFileReference; fileEncoding = 4; lastKnownFileType = sourcecode.cpp.objcpp; path = GKOSCSessionHandlerServer.mm; sourceTree = "<group>"; };
		FA71553A1554978300F29662 /* Thing.h */ = {isa = PBXFileReference; fileEncoding = 4; lastKnownFileType = sourcecode.c.h; path = Thing.h; sourceTree = "<group>"; };
		FA76BC581550E91800331DC2 /* CHANGES */ = {isa = PBXFileReference; lastKnownFileType = text; path = CHANGES; sourceTree = "<group>"; };
		FA76BC591550E91800331DC2 /* CMakeLists.txt */ = {isa = PBXFileReference; lastKnownFileType = text; path = CMakeLists.txt; sourceTree = "<group>"; };
		FA76BC5B1550E91800331DC2 /* OscDump.cpp */ = {isa = PBXFileReference; lastKnownFileType = sourcecode.cpp.cpp; path = OscDump.cpp; sourceTree = "<group>"; };
		FA76BC5C1550E91800331DC2 /* SimpleReceive.cpp */ = {isa = PBXFileReference; lastKnownFileType = sourcecode.cpp.cpp; path = SimpleReceive.cpp; sourceTree = "<group>"; };
		FA76BC5D1550E91800331DC2 /* SimpleSend.cpp */ = {isa = PBXFileReference; lastKnownFileType = sourcecode.cpp.cpp; path = SimpleSend.cpp; sourceTree = "<group>"; };
		FA76BC5F1550E91800331DC2 /* IpEndpointName.cpp */ = {isa = PBXFileReference; lastKnownFileType = sourcecode.cpp.cpp; path = IpEndpointName.cpp; sourceTree = "<group>"; };
		FA76BC601550E91800331DC2 /* IpEndpointName.h */ = {isa = PBXFileReference; lastKnownFileType = sourcecode.c.h; path = IpEndpointName.h; sourceTree = "<group>"; };
		FA76BC611550E91800331DC2 /* NetworkingUtils.h */ = {isa = PBXFileReference; lastKnownFileType = sourcecode.c.h; path = NetworkingUtils.h; sourceTree = "<group>"; };
		FA76BC621550E91800331DC2 /* PacketListener.h */ = {isa = PBXFileReference; lastKnownFileType = sourcecode.c.h; path = PacketListener.h; sourceTree = "<group>"; };
		FA76BC641550E91800331DC2 /* NetworkingUtils.cpp */ = {isa = PBXFileReference; lastKnownFileType = sourcecode.cpp.cpp; path = NetworkingUtils.cpp; sourceTree = "<group>"; };
		FA76BC651550E91800331DC2 /* UdpSocket.cpp */ = {isa = PBXFileReference; lastKnownFileType = sourcecode.cpp.cpp; path = UdpSocket.cpp; sourceTree = "<group>"; };
		FA76BC661550E91800331DC2 /* TimerListener.h */ = {isa = PBXFileReference; lastKnownFileType = sourcecode.c.h; path = TimerListener.h; sourceTree = "<group>"; };
		FA76BC671550E91800331DC2 /* UdpSocket.h */ = {isa = PBXFileReference; lastKnownFileType = sourcecode.c.h; path = UdpSocket.h; sourceTree = "<group>"; };
		FA76BC691550E91800331DC2 /* NetworkingUtils.cpp */ = {isa = PBXFileReference; lastKnownFileType = sourcecode.cpp.cpp; path = NetworkingUtils.cpp; sourceTree = "<group>"; };
		FA76BC6A1550E91800331DC2 /* UdpSocket.cpp */ = {isa = PBXFileReference; lastKnownFileType = sourcecode.cpp.cpp; path = UdpSocket.cpp; sourceTree = "<group>"; };
		FA76BC6B1550E91800331DC2 /* LICENSE */ = {isa = PBXFileReference; lastKnownFileType = text; path = LICENSE; sourceTree = "<group>"; };
		FA76BC6C1550E91800331DC2 /* make.MinGW32.bat */ = {isa = PBXFileReference; lastKnownFileType = text; path = make.MinGW32.bat; sourceTree = "<group>"; };
		FA76BC6D1550E91800331DC2 /* Makefile */ = {isa = PBXFileReference; lastKnownFileType = sourcecode.make; path = Makefile; sourceTree = "<group>"; };
		FA76BC6F1550E91800331DC2 /* MessageMappingOscPacketListener.h */ = {isa = PBXFileReference; lastKnownFileType = sourcecode.c.h; path = MessageMappingOscPacketListener.h; sourceTree = "<group>"; };
		FA76BC701550E91800331DC2 /* OscException.h */ = {isa = PBXFileReference; lastKnownFileType = sourcecode.c.h; path = OscException.h; sourceTree = "<group>"; };
		FA76BC711550E91800331DC2 /* OscHostEndianness.h */ = {isa = PBXFileReference; lastKnownFileType = sourcecode.c.h; path = OscHostEndianness.h; sourceTree = "<group>"; };
		FA76BC721550E91800331DC2 /* OscOutboundPacketStream.cpp */ = {isa = PBXFileReference; lastKnownFileType = sourcecode.cpp.cpp; path = OscOutboundPacketStream.cpp; sourceTree = "<group>"; };
		FA76BC731550E91800331DC2 /* OscOutboundPacketStream.h */ = {isa = PBXFileReference; lastKnownFileType = sourcecode.c.h; path = OscOutboundPacketStream.h; sourceTree = "<group>"; };
		FA76BC741550E91800331DC2 /* OscPacketListener.h */ = {isa = PBXFileReference; lastKnownFileType = sourcecode.c.h; path = OscPacketListener.h; sourceTree = "<group>"; };
		FA76BC751550E91800331DC2 /* OscPrintReceivedElements.cpp */ = {isa = PBXFileReference; lastKnownFileType = sourcecode.cpp.cpp; path = OscPrintReceivedElements.cpp; sourceTree = "<group>"; };
		FA76BC761550E91800331DC2 /* OscPrintReceivedElements.h */ = {isa = PBXFileReference; lastKnownFileType = sourcecode.c.h; path = OscPrintReceivedElements.h; sourceTree = "<group>"; };
		FA76BC771550E91800331DC2 /* OscReceivedElements.cpp */ = {isa = PBXFileReference; lastKnownFileType = sourcecode.cpp.cpp; path = OscReceivedElements.cpp; sourceTree = "<group>"; };
		FA76BC781550E91800331DC2 /* OscReceivedElements.h */ = {isa = PBXFileReference; lastKnownFileType = sourcecode.c.h; path = OscReceivedElements.h; sourceTree = "<group>"; };
		FA76BC791550E91800331DC2 /* OscTypes.cpp */ = {isa = PBXFileReference; lastKnownFileType = sourcecode.cpp.cpp; path = OscTypes.cpp; sourceTree = "<group>"; };
		FA76BC7A1550E91800331DC2 /* OscTypes.h */ = {isa = PBXFileReference; lastKnownFileType = sourcecode.c.h; path = OscTypes.h; sourceTree = "<group>"; };
		FA76BC7B1550E91800331DC2 /* README */ = {isa = PBXFileReference; lastKnownFileType = text; path = README; sourceTree = "<group>"; };
		FA76BC7D1550E91800331DC2 /* OscReceiveTest.cpp */ = {isa = PBXFileReference; lastKnownFileType = sourcecode.cpp.cpp; path = OscReceiveTest.cpp; sourceTree = "<group>"; };
		FA76BC7E1550E91800331DC2 /* OscReceiveTest.h */ = {isa = PBXFileReference; lastKnownFileType = sourcecode.c.h; path = OscReceiveTest.h; sourceTree = "<group>"; };
		FA76BC7F1550E91800331DC2 /* OscSendTests.cpp */ = {isa = PBXFileReference; lastKnownFileType = sourcecode.cpp.cpp; path = OscSendTests.cpp; sourceTree = "<group>"; };
		FA76BC801550E91800331DC2 /* OscSendTests.h */ = {isa = PBXFileReference; lastKnownFileType = sourcecode.c.h; path = OscSendTests.h; sourceTree = "<group>"; };
		FA76BC811550E91800331DC2 /* OscUnitTests.cpp */ = {isa = PBXFileReference; lastKnownFileType = sourcecode.cpp.cpp; path = OscUnitTests.cpp; sourceTree = "<group>"; };
		FA76BC821550E91800331DC2 /* OscUnitTests.h */ = {isa = PBXFileReference; lastKnownFileType = sourcecode.c.h; path = OscUnitTests.h; sourceTree = "<group>"; };
		FA76BC831550E91800331DC2 /* TODO */ = {isa = PBXFileReference; lastKnownFileType = text; path = TODO; sourceTree = "<group>"; };
		FA76BC89155167A300331DC2 /* GKOSC.h */ = {isa = PBXFileReference; fileEncoding = 4; lastKnownFileType = sourcecode.c.h; path = GKOSC.h; sourceTree = "<group>"; };
		FA76BC94155168DA00331DC2 /* Foundation.framework */ = {isa = PBXFileReference; lastKnownFileType = wrapper.framework; name = Foundation.framework; path = System/Library/Frameworks/Foundation.framework; sourceTree = SDKROOT; };
		FA76BCA9155169AE00331DC2 /* gkoscsend */ = {isa = PBXFileReference; explicitFileType = "compiled.mach-o.executable"; includeInIndex = 0; path = gkoscsend; sourceTree = BUILT_PRODUCTS_DIR; };
		FA76BCAD155169AE00331DC2 /* main.mm */ = {isa = PBXFileReference; lastKnownFileType = sourcecode.cpp.objcpp; path = main.mm; sourceTree = "<group>"; };
		FA76BCB0155169AE00331DC2 /* gkoscsend-Prefix.pch */ = {isa = PBXFileReference; lastKnownFileType = sourcecode.c.h; path = "gkoscsend-Prefix.pch"; sourceTree = "<group>"; };
		FA76BCB715516BF100331DC2 /* GKOSCClient.mm */ = {isa = PBXFileReference; fileEncoding = 4; lastKnownFileType = sourcecode.cpp.objcpp; path = GKOSCClient.mm; sourceTree = "<group>"; };
		FA76BCC81551C4EB00331DC2 /* GKOSCUDPTransporter.mm */ = {isa = PBXFileReference; fileEncoding = 4; lastKnownFileType = sourcecode.cpp.objcpp; path = GKOSCUDPTransporter.mm; sourceTree = "<group>"; };
		FA76BCCE1551C8E900331DC2 /* GKOSCServer.mm */ = {isa = PBXFileReference; fileEncoding = 4; lastKnownFileType = sourcecode.cpp.objcpp; path = GKOSCServer.mm; sourceTree = "<group>"; };
		FA76BCD01551CDBA00331DC2 /* GKOSC_details.h */ = {isa = PBXFileReference; fileEncoding = 4; lastKnownFileType = sourcecode.c.h; path = GKOSC_details.h; sourceTree = "<group>"; };
		FA76BCD61551DE2900331DC2 /* gkoscrecv */ = {isa = PBXFileReference; explicitFileType = "compiled.mach-o.executable"; includeInIndex = 0; path = gkoscrecv; sourceTree = BUILT_PRODUCTS_DIR; };
		FA76BCDA1551DE2900331DC2 /* main.mm */ = {isa = PBXFileReference; lastKnownFileType = sourcecode.cpp.objcpp; path = main.mm; sourceTree = "<group>"; };
		FA76BCDD1551DE2900331DC2 /* gkoscrecv-Prefix.pch */ = {isa = PBXFileReference; lastKnownFileType = sourcecode.c.h; path = "gkoscrecv-Prefix.pch"; sourceTree = "<group>"; };
/* End PBXFileReference section */

/* Begin PBXFrameworksBuildPhase section */
		FA6C8A551551F26600562FB8 /* Frameworks */ = {
			isa = PBXFrameworksBuildPhase;
			buildActionMask = 2147483647;
			files = (
			);
			runOnlyForDeploymentPostprocessing = 0;
		};
		FA6C8A7015520C4500562FB8 /* Frameworks */ = {
			isa = PBXFrameworksBuildPhase;
			buildActionMask = 2147483647;
			files = (
			);
			runOnlyForDeploymentPostprocessing = 0;
		};
		FA76BCA6155169AE00331DC2 /* Frameworks */ = {
			isa = PBXFrameworksBuildPhase;
			buildActionMask = 2147483647;
			files = (
				FA6C8A601551F2AF00562FB8 /* libGKOSC.a in Frameworks */,
				FA76BCAB155169AE00331DC2 /* Foundation.framework in Frameworks */,
			);
			runOnlyForDeploymentPostprocessing = 0;
		};
		FA76BCD31551DE2900331DC2 /* Frameworks */ = {
			isa = PBXFrameworksBuildPhase;
			buildActionMask = 2147483647;
			files = (
				FA6C8A611551F2B400562FB8 /* libGKOSC.a in Frameworks */,
				FA76BCD81551DE2900331DC2 /* Foundation.framework in Frameworks */,
			);
			runOnlyForDeploymentPostprocessing = 0;
		};
/* End PBXFrameworksBuildPhase section */

/* Begin PBXGroup section */
		FA7155391554975B00F29662 /* Demo common sources */ = {
			isa = PBXGroup;
			children = (
				FA71553A1554978300F29662 /* Thing.h */,
			);
			name = "Demo common sources";
			sourceTree = "<group>";
		};
		FA76BC381550E88600331DC2 = {
			isa = PBXGroup;
			children = (
				FA7155391554975B00F29662 /* Demo common sources */,
				FA76BC89155167A300331DC2 /* GKOSC.h */,
				FA76BCB715516BF100331DC2 /* GKOSCClient.mm */,
				FA76BCCE1551C8E900331DC2 /* GKOSCServer.mm */,
				FA76BCC81551C4EB00331DC2 /* GKOSCUDPTransporter.mm */,
				FA6C8A8B155210A400562FB8 /* GKOSCSessionTransporter.mm */,
				FA6C8A8E155216FB00562FB8 /* GKOSCSessionHandlerServer.mm */,
				FA76BCD01551CDBA00331DC2 /* GKOSC_details.h */,
				FA76BC561550E91800331DC2 /* extsrc */,
				FA76BCAC155169AE00331DC2 /* gkoscsend */,
				FA76BCD91551DE2900331DC2 /* gkoscrecv */,
				FA76BC93155168DA00331DC2 /* Frameworks */,
				FA76BC461550E88F00331DC2 /* Products */,
			);
			sourceTree = "<group>";
		};
		FA76BC461550E88F00331DC2 /* Products */ = {
			isa = PBXGroup;
			children = (
				FA76BCA9155169AE00331DC2 /* gkoscsend */,
				FA76BCD61551DE2900331DC2 /* gkoscrecv */,
				FA6C8A581551F26600562FB8 /* libGKOSC.a */,
				FA6C8A7715520C4500562FB8 /* libGKOSC.a */,
			);
			name = Products;
			sourceTree = "<group>";
		};
		FA76BC561550E91800331DC2 /* extsrc */ = {
			isa = PBXGroup;
			children = (
				FA76BC571550E91800331DC2 /* oscpack */,
			);
			path = extsrc;
			sourceTree = "<group>";
		};
		FA76BC571550E91800331DC2 /* oscpack */ = {
			isa = PBXGroup;
			children = (
				FA76BC581550E91800331DC2 /* CHANGES */,
				FA76BC591550E91800331DC2 /* CMakeLists.txt */,
				FA76BC5A1550E91800331DC2 /* examples */,
				FA76BC5E1550E91800331DC2 /* ip */,
				FA76BC6B1550E91800331DC2 /* LICENSE */,
				FA76BC6C1550E91800331DC2 /* make.MinGW32.bat */,
				FA76BC6D1550E91800331DC2 /* Makefile */,
				FA76BC6E1550E91800331DC2 /* osc */,
				FA76BC7B1550E91800331DC2 /* README */,
				FA76BC7C1550E91800331DC2 /* tests */,
				FA76BC831550E91800331DC2 /* TODO */,
			);
			path = oscpack;
			sourceTree = "<group>";
		};
		FA76BC5A1550E91800331DC2 /* examples */ = {
			isa = PBXGroup;
			children = (
				FA76BC5B1550E91800331DC2 /* OscDump.cpp */,
				FA76BC5C1550E91800331DC2 /* SimpleReceive.cpp */,
				FA76BC5D1550E91800331DC2 /* SimpleSend.cpp */,
			);
			path = examples;
			sourceTree = "<group>";
		};
		FA76BC5E1550E91800331DC2 /* ip */ = {
			isa = PBXGroup;
			children = (
				FA76BC5F1550E91800331DC2 /* IpEndpointName.cpp */,
				FA76BC601550E91800331DC2 /* IpEndpointName.h */,
				FA76BC611550E91800331DC2 /* NetworkingUtils.h */,
				FA76BC621550E91800331DC2 /* PacketListener.h */,
				FA76BC631550E91800331DC2 /* posix */,
				FA76BC661550E91800331DC2 /* TimerListener.h */,
				FA76BC671550E91800331DC2 /* UdpSocket.h */,
				FA76BC681550E91800331DC2 /* win32 */,
			);
			path = ip;
			sourceTree = "<group>";
		};
		FA76BC631550E91800331DC2 /* posix */ = {
			isa = PBXGroup;
			children = (
				FA76BC641550E91800331DC2 /* NetworkingUtils.cpp */,
				FA76BC651550E91800331DC2 /* UdpSocket.cpp */,
			);
			path = posix;
			sourceTree = "<group>";
		};
		FA76BC681550E91800331DC2 /* win32 */ = {
			isa = PBXGroup;
			children = (
				FA76BC691550E91800331DC2 /* NetworkingUtils.cpp */,
				FA76BC6A1550E91800331DC2 /* UdpSocket.cpp */,
			);
			path = win32;
			sourceTree = "<group>";
		};
		FA76BC6E1550E91800331DC2 /* osc */ = {
			isa = PBXGroup;
			children = (
				FA76BC6F1550E91800331DC2 /* MessageMappingOscPacketListener.h */,
				FA76BC701550E91800331DC2 /* OscException.h */,
				FA76BC711550E91800331DC2 /* OscHostEndianness.h */,
				FA76BC731550E91800331DC2 /* OscOutboundPacketStream.h */,
				FA76BC721550E91800331DC2 /* OscOutboundPacketStream.cpp */,
				FA76BC751550E91800331DC2 /* OscPrintReceivedElements.cpp */,
				FA76BC771550E91800331DC2 /* OscReceivedElements.cpp */,
				FA76BC791550E91800331DC2 /* OscTypes.cpp */,
				FA76BC741550E91800331DC2 /* OscPacketListener.h */,
				FA76BC761550E91800331DC2 /* OscPrintReceivedElements.h */,
				FA76BC781550E91800331DC2 /* OscReceivedElements.h */,
				FA76BC7A1550E91800331DC2 /* OscTypes.h */,
			);
			path = osc;
			sourceTree = "<group>";
		};
		FA76BC7C1550E91800331DC2 /* tests */ = {
			isa = PBXGroup;
			children = (
				FA76BC7D1550E91800331DC2 /* OscReceiveTest.cpp */,
				FA76BC7E1550E91800331DC2 /* OscReceiveTest.h */,
				FA76BC7F1550E91800331DC2 /* OscSendTests.cpp */,
				FA76BC801550E91800331DC2 /* OscSendTests.h */,
				FA76BC811550E91800331DC2 /* OscUnitTests.cpp */,
				FA76BC821550E91800331DC2 /* OscUnitTests.h */,
			);
			path = tests;
			sourceTree = "<group>";
		};
		FA76BC93155168DA00331DC2 /* Frameworks */ = {
			isa = PBXGroup;
			children = (
				FA76BC94155168DA00331DC2 /* Foundation.framework */,
			);
			name = Frameworks;
			sourceTree = "<group>";
		};
		FA76BCAC155169AE00331DC2 /* gkoscsend */ = {
			isa = PBXGroup;
			children = (
				FA76BCAD155169AE00331DC2 /* main.mm */,
				FA76BCAF155169AE00331DC2 /* Supporting Files */,
			);
			path = gkoscsend;
			sourceTree = "<group>";
		};
		FA76BCAF155169AE00331DC2 /* Supporting Files */ = {
			isa = PBXGroup;
			children = (
				FA76BCB0155169AE00331DC2 /* gkoscsend-Prefix.pch */,
			);
			name = "Supporting Files";
			sourceTree = "<group>";
		};
		FA76BCD91551DE2900331DC2 /* gkoscrecv */ = {
			isa = PBXGroup;
			children = (
				FA76BCDA1551DE2900331DC2 /* main.mm */,
				FA76BCDC1551DE2900331DC2 /* Supporting Files */,
			);
			path = gkoscrecv;
			sourceTree = "<group>";
		};
		FA76BCDC1551DE2900331DC2 /* Supporting Files */ = {
			isa = PBXGroup;
			children = (
				FA76BCDD1551DE2900331DC2 /* gkoscrecv-Prefix.pch */,
			);
			name = "Supporting Files";
			sourceTree = "<group>";
		};
/* End PBXGroup section */

/* Begin PBXHeadersBuildPhase section */
		FA6C8A561551F26600562FB8 /* Headers */ = {
			isa = PBXHeadersBuildPhase;
			buildActionMask = 2147483647;
			files = (
				FA6C8A631552097100562FB8 /* GKOSC.h in Headers */,
				FA71553B1554978300F29662 /* Thing.h in Headers */,
			);
			runOnlyForDeploymentPostprocessing = 0;
		};
		FA6C8A7215520C4500562FB8 /* Headers */ = {
			isa = PBXHeadersBuildPhase;
			buildActionMask = 2147483647;
			files = (
				FA6C8A7315520C4500562FB8 /* GKOSC.h in Headers */,
			);
			runOnlyForDeploymentPostprocessing = 0;
		};
/* End PBXHeadersBuildPhase section */

/* Begin PBXNativeTarget section */
		FA6C8A571551F26600562FB8 /* GKOSC */ = {
			isa = PBXNativeTarget;
			buildConfigurationList = FA6C8A591551F26600562FB8 /* Build configuration list for PBXNativeTarget "GKOSC" */;
			buildPhases = (
				FA6C8A541551F26600562FB8 /* Sources */,
				FA6C8A551551F26600562FB8 /* Frameworks */,
				FA6C8A561551F26600562FB8 /* Headers */,
			);
			buildRules = (
			);
			dependencies = (
			);
			name = GKOSC;
			productName = GKOSC;
			productReference = FA6C8A581551F26600562FB8 /* libGKOSC.a */;
			productType = "com.apple.product-type.library.static";
		};
		FA6C8A6B15520C4500562FB8 /* GKOSC-iOS */ = {
			isa = PBXNativeTarget;
			buildConfigurationList = FA6C8A7415520C4500562FB8 /* Build configuration list for PBXNativeTarget "GKOSC-iOS" */;
			buildPhases = (
				FA6C8A6C15520C4500562FB8 /* Sources */,
				FA6C8A7015520C4500562FB8 /* Frameworks */,
				FA6C8A7215520C4500562FB8 /* Headers */,
			);
			buildRules = (
			);
			dependencies = (
			);
			name = "GKOSC-iOS";
			productName = GKOSC;
			productReference = FA6C8A7715520C4500562FB8 /* libGKOSC.a */;
			productType = "com.apple.product-type.library.static";
		};
		FA76BCA8155169AE00331DC2 /* gkoscsend */ = {
			isa = PBXNativeTarget;
			buildConfigurationList = FA76BCB3155169AE00331DC2 /* Build configuration list for PBXNativeTarget "gkoscsend" */;
			buildPhases = (
				FA76BCA5155169AE00331DC2 /* Sources */,
				FA76BCA6155169AE00331DC2 /* Frameworks */,
				FA76BCA7155169AE00331DC2 /* CopyFiles */,
			);
			buildRules = (
			);
			dependencies = (
			);
			name = gkoscsend;
			productName = gkoscsend;
			productReference = FA76BCA9155169AE00331DC2 /* gkoscsend */;
			productType = "com.apple.product-type.tool";
		};
		FA76BCD51551DE2900331DC2 /* gkoscrecv */ = {
			isa = PBXNativeTarget;
			buildConfigurationList = FA76BCE01551DE2900331DC2 /* Build configuration list for PBXNativeTarget "gkoscrecv" */;
			buildPhases = (
				FA76BCD21551DE2900331DC2 /* Sources */,
				FA76BCD31551DE2900331DC2 /* Frameworks */,
				FA76BCD41551DE2900331DC2 /* CopyFiles */,
			);
			buildRules = (
			);
			dependencies = (
			);
			name = gkoscrecv;
			productName = gkoscrecv;
			productReference = FA76BCD61551DE2900331DC2 /* gkoscrecv */;
			productType = "com.apple.product-type.tool";
		};
/* End PBXNativeTarget section */

/* Begin PBXProject section */
		FA76BC3A1550E88600331DC2 /* Project object */ = {
			isa = PBXProject;
			attributes = {
				LastUpgradeCheck = 0420;
				ORGANIZATIONNAME = "National Center for Supercomputing Applications";
			};
			buildConfigurationList = FA76BC3D1550E88600331DC2 /* Build configuration list for PBXProject "GKOSC" */;
			compatibilityVersion = "Xcode 3.2";
			developmentRegion = English;
			hasScannedForEncodings = 0;
			knownRegions = (
				en,
			);
			mainGroup = FA76BC381550E88600331DC2;
			productRefGroup = FA76BC461550E88F00331DC2 /* Products */;
			projectDirPath = "";
			projectRoot = "";
			targets = (
				FA6C8A571551F26600562FB8 /* GKOSC */,
				FA6C8A6B15520C4500562FB8 /* GKOSC-iOS */,
				FA76BCA8155169AE00331DC2 /* gkoscsend */,
				FA76BCD51551DE2900331DC2 /* gkoscrecv */,
			);
		};
/* End PBXProject section */

/* Begin PBXSourcesBuildPhase section */
		FA6C8A541551F26600562FB8 /* Sources */ = {
			isa = PBXSourcesBuildPhase;
			buildActionMask = 2147483647;
			files = (
				FAA479F115545DD800F52825 /* IpEndpointName.cpp in Sources */,
				FAA479F215545DD800F52825 /* NetworkingUtils.cpp in Sources */,
				FAA479F315545DD800F52825 /* UdpSocket.cpp in Sources */,
				FA6C8A5C1551F27B00562FB8 /* GKOSCServer.mm in Sources */,
				FA6C8A5D1551F27B00562FB8 /* GKOSCClient.mm in Sources */,
				FA6C8A5E1551F27B00562FB8 /* GKOSCUDPTransporter.mm in Sources */,
			);
			runOnlyForDeploymentPostprocessing = 0;
		};
		FA6C8A6C15520C4500562FB8 /* Sources */ = {
			isa = PBXSourcesBuildPhase;
			buildActionMask = 2147483647;
			files = (
				FAA479EE15545DB500F52825 /* IpEndpointName.cpp in Sources */,
				FAA479EF15545DB500F52825 /* NetworkingUtils.cpp in Sources */,
				FAA479F015545DB500F52825 /* UdpSocket.cpp in Sources */,
				FA6C8A6D15520C4500562FB8 /* GKOSCServer.mm in Sources */,
				FA6C8A6E15520C4500562FB8 /* GKOSCClient.mm in Sources */,
				FA6C8A6F15520C4500562FB8 /* GKOSCUDPTransporter.mm in Sources */,
				FA6C8A8D1552139800562FB8 /* GKOSCSessionTransporter.mm in Sources */,
				FA6C8A901552174D00562FB8 /* GKOSCSessionHandlerServer.mm in Sources */,
			);
			runOnlyForDeploymentPostprocessing = 0;
		};
		FA76BCA5155169AE00331DC2 /* Sources */ = {
			isa = PBXSourcesBuildPhase;
			buildActionMask = 2147483647;
			files = (
				FA76BCAE155169AE00331DC2 /* main.mm in Sources */,
			);
			runOnlyForDeploymentPostprocessing = 0;
		};
		FA76BCD21551DE2900331DC2 /* Sources */ = {
			isa = PBXSourcesBuildPhase;
			buildActionMask = 2147483647;
			files = (
				FA76BCDB1551DE2900331DC2 /* main.mm in Sources */,
			);
			runOnlyForDeploymentPostprocessing = 0;
		};
/* End PBXSourcesBuildPhase section */

/* Begin XCBuildConfiguration section */
		FA6C8A5A1551F26600562FB8 /* Debug */ = {
			isa = XCBuildConfiguration;
			buildSettings = {
				ALWAYS_SEARCH_USER_PATHS = NO;
				ARCHS = "$(ARCHS_STANDARD_64_BIT)";
				CLANG_CXX_LANGUAGE_STANDARD = "c++0x";
				CLANG_CXX_LIBRARY = "libc++";
				COPY_PHASE_STRIP = NO;
				EXECUTABLE_PREFIX = lib;
				GCC_C_LANGUAGE_STANDARD = gnu99;
				GCC_DYNAMIC_NO_PIC = NO;
				GCC_ENABLE_OBJC_EXCEPTIONS = YES;
				GCC_OPTIMIZATION_LEVEL = 0;
				GCC_PREPROCESSOR_DEFINITIONS = (
					"DEBUG=1",
					"$(inherited)",
				);
				GCC_SYMBOLS_PRIVATE_EXTERN = NO;
				GCC_VERSION = com.apple.compilers.llvm.clang.1_0;
				GCC_WARN_64_TO_32_BIT_CONVERSION = YES;
				GCC_WARN_ABOUT_MISSING_PROTOTYPES = YES;
				GCC_WARN_ABOUT_RETURN_TYPE = YES;
				GCC_WARN_UNUSED_VARIABLE = YES;
				HEADER_SEARCH_PATHS = "$(PROJECT_DIR)/extsrc/oscpack";
				MACOSX_DEPLOYMENT_TARGET = 10.7;
				ONLY_ACTIVE_ARCH = YES;
				PRODUCT_NAME = "$(TARGET_NAME)";
				SDKROOT = macosx;
			};
			name = Debug;
		};
		FA6C8A5B1551F26600562FB8 /* Release */ = {
			isa = XCBuildConfiguration;
			buildSettings = {
				ALWAYS_SEARCH_USER_PATHS = NO;
				ARCHS = "$(ARCHS_STANDARD_64_BIT)";
				CLANG_CXX_LANGUAGE_STANDARD = "c++0x";
				CLANG_CXX_LIBRARY = "libc++";
				COPY_PHASE_STRIP = YES;
				DEBUG_INFORMATION_FORMAT = "dwarf-with-dsym";
				EXECUTABLE_PREFIX = lib;
				GCC_C_LANGUAGE_STANDARD = gnu99;
				GCC_ENABLE_OBJC_EXCEPTIONS = YES;
				GCC_VERSION = com.apple.compilers.llvm.clang.1_0;
				GCC_WARN_64_TO_32_BIT_CONVERSION = YES;
				GCC_WARN_ABOUT_MISSING_PROTOTYPES = YES;
				GCC_WARN_ABOUT_RETURN_TYPE = YES;
				GCC_WARN_UNUSED_VARIABLE = YES;
				HEADER_SEARCH_PATHS = "$(PROJECT_DIR)/extsrc/oscpack";
				MACOSX_DEPLOYMENT_TARGET = 10.7;
				PRODUCT_NAME = "$(TARGET_NAME)";
				SDKROOT = macosx;
			};
			name = Release;
		};
		FA6C8A7515520C4500562FB8 /* Debug */ = {
			isa = XCBuildConfiguration;
			buildSettings = {
				ALWAYS_SEARCH_USER_PATHS = NO;
				ARCHS = "$(ARCHS_STANDARD_32_BIT)";
				CLANG_CXX_LANGUAGE_STANDARD = "c++0x";
				CLANG_CXX_LIBRARY = "libc++";
				COPY_PHASE_STRIP = NO;
				DSTROOT = "$(ATV2DEV_LOCATION)";
				EXECUTABLE_PREFIX = lib;
				GCC_C_LANGUAGE_STANDARD = gnu99;
				GCC_DYNAMIC_NO_PIC = NO;
				GCC_ENABLE_OBJC_EXCEPTIONS = YES;
				GCC_OPTIMIZATION_LEVEL = 0;
				GCC_PREPROCESSOR_DEFINITIONS = (
					"DEBUG=1",
					"$(inherited)",
				);
				GCC_SYMBOLS_PRIVATE_EXTERN = NO;
				GCC_VERSION = com.apple.compilers.llvm.clang.1_0;
				GCC_WARN_64_TO_32_BIT_CONVERSION = YES;
				GCC_WARN_ABOUT_MISSING_PROTOTYPES = YES;
				GCC_WARN_ABOUT_RETURN_TYPE = YES;
				GCC_WARN_UNUSED_VARIABLE = YES;
				HEADER_SEARCH_PATHS = "$(PROJECT_DIR)/extsrc/oscpack";
				INSTALL_PATH = /lib;
				MACOSX_DEPLOYMENT_TARGET = 10.7;
				ONLY_ACTIVE_ARCH = YES;
				PRIVATE_HEADERS_FOLDER_PATH = /include;
				PRODUCT_NAME = GKOSC;
				PUBLIC_HEADERS_FOLDER_PATH = /include;
				SDKROOT = iphoneos;
			};
			name = Debug;
		};
		FA6C8A7615520C4500562FB8 /* Release */ = {
			isa = XCBuildConfiguration;
			buildSettings = {
				ALWAYS_SEARCH_USER_PATHS = NO;
				ARCHS = "$(ARCHS_STANDARD_32_BIT)";
				CLANG_CXX_LANGUAGE_STANDARD = "c++0x";
				CLANG_CXX_LIBRARY = "libc++";
				COPY_PHASE_STRIP = YES;
				DEBUG_INFORMATION_FORMAT = "dwarf-with-dsym";
				DSTROOT = "$(ATV2DEV_LOCATION)";
				EXECUTABLE_PREFIX = lib;
				GCC_C_LANGUAGE_STANDARD = gnu99;
				GCC_ENABLE_OBJC_EXCEPTIONS = YES;
				GCC_VERSION = com.apple.compilers.llvm.clang.1_0;
				GCC_WARN_64_TO_32_BIT_CONVERSION = YES;
				GCC_WARN_ABOUT_MISSING_PROTOTYPES = YES;
				GCC_WARN_ABOUT_RETURN_TYPE = YES;
				GCC_WARN_UNUSED_VARIABLE = YES;
				HEADER_SEARCH_PATHS = "$(PROJECT_DIR)/extsrc/oscpack";
				INSTALL_PATH = /lib;
				MACOSX_DEPLOYMENT_TARGET = 10.7;
				PRIVATE_HEADERS_FOLDER_PATH = /include;
				PRODUCT_NAME = GKOSC;
				PUBLIC_HEADERS_FOLDER_PATH = /include;
				SDKROOT = iphoneos;
			};
			name = Release;
		};
		FA76BC3F1550E88600331DC2 /* Debug */ = {
			isa = XCBuildConfiguration;
			buildSettings = {
				ATV2DEV_LOCATION = /usr/local/atv2dev;
			};
			name = Debug;
		};
		FA76BC401550E88600331DC2 /* Release */ = {
			isa = XCBuildConfiguration;
			buildSettings = {
				ATV2DEV_LOCATION = /usr/local/atv2dev;
			};
			name = Release;
		};
		FA76BCB4155169AE00331DC2 /* Debug */ = {
			isa = XCBuildConfiguration;
			buildSettings = {
				ALWAYS_SEARCH_USER_PATHS = NO;
				ARCHS = "$(ARCHS_STANDARD_64_BIT)";
				CLANG_CXX_LIBRARY = "libc++";
				COPY_PHASE_STRIP = NO;
				GCC_C_LANGUAGE_STANDARD = gnu99;
				GCC_DYNAMIC_NO_PIC = NO;
				GCC_ENABLE_OBJC_EXCEPTIONS = YES;
				GCC_OPTIMIZATION_LEVEL = 0;
				GCC_PRECOMPILE_PREFIX_HEADER = YES;
				GCC_PREFIX_HEADER = "gkoscsend/gkoscsend-Prefix.pch";
				GCC_PREPROCESSOR_DEFINITIONS = (
					"DEBUG=1",
					"$(inherited)",
				);
				GCC_SYMBOLS_PRIVATE_EXTERN = NO;
				GCC_VERSION = com.apple.compilers.llvm.clang.1_0;
				GCC_WARN_64_TO_32_BIT_CONVERSION = YES;
				GCC_WARN_ABOUT_MISSING_PROTOTYPES = YES;
				GCC_WARN_ABOUT_RETURN_TYPE = YES;
				GCC_WARN_UNUSED_VARIABLE = YES;
				HEADER_SEARCH_PATHS = "$(PROJECT_DIR)";
				MACOSX_DEPLOYMENT_TARGET = 10.7;
				ONLY_ACTIVE_ARCH = YES;
				PRODUCT_NAME = "$(TARGET_NAME)";
				SDKROOT = macosx;
				USER_HEADER_SEARCH_PATHS = "$(PROJECT_DIR)";
			};
			name = Debug;
		};
		FA76BCB5155169AE00331DC2 /* Release */ = {
			isa = XCBuildConfiguration;
			buildSettings = {
				ALWAYS_SEARCH_USER_PATHS = NO;
				ARCHS = "$(ARCHS_STANDARD_64_BIT)";
				CLANG_CXX_LIBRARY = "libc++";
				COPY_PHASE_STRIP = YES;
				DEBUG_INFORMATION_FORMAT = "dwarf-with-dsym";
				GCC_C_LANGUAGE_STANDARD = gnu99;
				GCC_ENABLE_OBJC_EXCEPTIONS = YES;
				GCC_PRECOMPILE_PREFIX_HEADER = YES;
				GCC_PREFIX_HEADER = "gkoscsend/gkoscsend-Prefix.pch";
				GCC_VERSION = com.apple.compilers.llvm.clang.1_0;
				GCC_WARN_64_TO_32_BIT_CONVERSION = YES;
				GCC_WARN_ABOUT_MISSING_PROTOTYPES = YES;
				GCC_WARN_ABOUT_RETURN_TYPE = YES;
				GCC_WARN_UNUSED_VARIABLE = YES;
				HEADER_SEARCH_PATHS = "$(PROJECT_DIR)";
				MACOSX_DEPLOYMENT_TARGET = 10.7;
				PRODUCT_NAME = "$(TARGET_NAME)";
				SDKROOT = macosx;
				USER_HEADER_SEARCH_PATHS = "$(PROJECT_DIR)";
			};
			name = Release;
		};
		FA76BCE11551DE2900331DC2 /* Debug */ = {
			isa = XCBuildConfiguration;
			buildSettings = {
				ALWAYS_SEARCH_USER_PATHS = NO;
				ARCHS = "$(ARCHS_STANDARD_64_BIT)";
				CLANG_CXX_LIBRARY = "libc++";
				COPY_PHASE_STRIP = NO;
				GCC_C_LANGUAGE_STANDARD = gnu99;
				GCC_DYNAMIC_NO_PIC = NO;
				GCC_ENABLE_OBJC_EXCEPTIONS = YES;
				GCC_OPTIMIZATION_LEVEL = 0;
				GCC_PRECOMPILE_PREFIX_HEADER = YES;
				GCC_PREFIX_HEADER = "gkoscrecv/gkoscrecv-Prefix.pch";
				GCC_PREPROCESSOR_DEFINITIONS = (
					"DEBUG=1",
					"$(inherited)",
				);
				GCC_SYMBOLS_PRIVATE_EXTERN = NO;
				GCC_VERSION = com.apple.compilers.llvm.clang.1_0;
				GCC_WARN_64_TO_32_BIT_CONVERSION = YES;
				GCC_WARN_ABOUT_MISSING_PROTOTYPES = YES;
				GCC_WARN_ABOUT_RETURN_TYPE = YES;
				GCC_WARN_UNUSED_VARIABLE = YES;
				HEADER_SEARCH_PATHS = (
					"$(PROJECT_DIR)",
					"$(PROJECT_DIR)/extsrc/oscpack",
				);
				MACOSX_DEPLOYMENT_TARGET = 10.7;
				ONLY_ACTIVE_ARCH = YES;
				PRODUCT_NAME = "$(TARGET_NAME)";
				SDKROOT = macosx;
			};
			name = Debug;
		};
		FA76BCE21551DE2900331DC2 /* Release */ = {
			isa = XCBuildConfiguration;
			buildSettings = {
				ALWAYS_SEARCH_USER_PATHS = NO;
				ARCHS = "$(ARCHS_STANDARD_64_BIT)";
				CLANG_CXX_LIBRARY = "libc++";
				COPY_PHASE_STRIP = YES;
				DEBUG_INFORMATION_FORMAT = "dwarf-with-dsym";
				GCC_C_LANGUAGE_STANDARD = gnu99;
				GCC_ENABLE_OBJC_EXCEPTIONS = YES;
				GCC_PRECOMPILE_PREFIX_HEADER = YES;
				GCC_PREFIX_HEADER = "gkoscrecv/gkoscrecv-Prefix.pch";
				GCC_VERSION = com.apple.compilers.llvm.clang.1_0;
				GCC_WARN_64_TO_32_BIT_CONVERSION = YES;
				GCC_WARN_ABOUT_MISSING_PROTOTYPES = YES;
				GCC_WARN_ABOUT_RETURN_TYPE = YES;
				GCC_WARN_UNUSED_VARIABLE = YES;
				HEADER_SEARCH_PATHS = (
					"$(PROJECT_DIR)",
					"$(PROJECT_DIR)/extsrc/oscpack",
				);
				MACOSX_DEPLOYMENT_TARGET = 10.7;
				PRODUCT_NAME = "$(TARGET_NAME)";
				SDKROOT = macosx;
			};
			name = Release;
		};
/* End XCBuildConfiguration section */

/* Begin XCConfigurationList section */
		FA6C8A591551F26600562FB8 /* Build configuration list for PBXNativeTarget "GKOSC" */ = {
			isa = XCConfigurationList;
			buildConfigurations = (
				FA6C8A5A1551F26600562FB8 /* Debug */,
				FA6C8A5B1551F26600562FB8 /* Release */,
			);
			defaultConfigurationIsVisible = 0;
			defaultConfigurationName = Release;
		};
		FA6C8A7415520C4500562FB8 /* Build configuration list for PBXNativeTarget "GKOSC-iOS" */ = {
			isa = XCConfigurationList;
			buildConfigurations = (
				FA6C8A7515520C4500562FB8 /* Debug */,
				FA6C8A7615520C4500562FB8 /* Release */,
			);
			defaultConfigurationIsVisible = 0;
			defaultConfigurationName = Release;
		};
		FA76BC3D1550E88600331DC2 /* Build configuration list for PBXProject "GKOSC" */ = {
			isa = XCConfigurationList;
			buildConfigurations = (
				FA76BC3F1550E88600331DC2 /* Debug */,
				FA76BC401550E88600331DC2 /* Release */,
			);
			defaultConfigurationIsVisible = 0;
			defaultConfigurationName = Release;
		};
		FA76BCB3155169AE00331DC2 /* Build configuration list for PBXNativeTarget "gkoscsend" */ = {
			isa = XCConfigurationList;
			buildConfigurations = (
				FA76BCB4155169AE00331DC2 /* Debug */,
				FA76BCB5155169AE00331DC2 /* Release */,
			);
			defaultConfigurationIsVisible = 0;
			defaultConfigurationName = Release;
		};
		FA76BCE01551DE2900331DC2 /* Build configuration list for PBXNativeTarget "gkoscrecv" */ = {
			isa = XCConfigurationList;
			buildConfigurations = (
				FA76BCE11551DE2900331DC2 /* Debug */,
				FA76BCE21551DE2900331DC2 /* Release */,
			);
			defaultConfigurationIsVisible = 0;
			defaultConfigurationName = Release;
		};
/* End XCConfigurationList section */
	};
	rootObject = FA76BC3A1550E88600331DC2 /* Project object */;
}
